
Microsoft Visual Studio Solution File, Format Version 12.00
# Visual Studio Version 17
VisualStudioVersion = 17.0.31903.59
MinimumVisualStudioVersion = 10.0.40219.1
Project("{2150E333-8FDC-42A3-9474-1A3956D46DE8}") = "src", "src", "{827E0CD3-B72D-47B6-A68D-7590B98EB39B}"
EndProject
Project("{FAE04EC0-301F-11D3-BF4B-00C04F79EFBC}") = "Seedr.Api.Core", "src\Seedr.Api.Core\Seedr.Api.Core.csproj", "{58892028-5655-48F9-BC71-A207ADA484DA}"
EndProject
Project("{FAE04EC0-301F-11D3-BF4B-00C04F79EFBC}") = "Seedr.Api.Application", "src\Seedr.Api.Application\Seedr.Api.Application.csproj", "{0C53BB99-52D6-4452-A929-178B588C8F2E}"
EndProject
Project("{FAE04EC0-301F-11D3-BF4B-00C04F79EFBC}") = "Seedr.Api.Infrastructure", "src\Seedr.Api.Infrastructure\Seedr.Api.Infrastructure.csproj", "{70F66F97-8E7F-4110-855F-5CFA3BD26951}"
EndProject
Project("{FAE04EC0-301F-11D3-BF4B-00C04F79EFBC}") = "Seedr.Api.Service.Api", "src\Seedr.Api.Service.Api\Seedr.Api.Service.Api.csproj", "{9E096FA6-608F-402F-8AF4-5A4E4553743E}"
EndProject
Project("{2150E333-8FDC-42A3-9474-1A3956D46DE8}") = "tests", "tests", "{0AB3BF05-4346-4AA6-1389-037BE0695223}"
EndProject
Project("{FAE04EC0-301F-11D3-BF4B-00C04F79EFBC}") = "Seedr.Api.Core.Tests", "tests\Seedr.Api.Core.Tests\Seedr.Api.Core.Tests.csproj", "{C51644B7-007F-4F9F-8E56-5D9B6221AC96}"
EndProject
Project("{FAE04EC0-301F-11D3-BF4B-00C04F79EFBC}") = "Seedr.Api.Application.Tests", "tests\Seedr.Api.Application.Tests\Seedr.Api.Application.Tests.csproj", "{A3226D9D-CA0D-45F9-8C13-7EE29F1502F6}"
EndProject
Project("{FAE04EC0-301F-11D3-BF4B-00C04F79EFBC}") = "Seedr.Api.Infrastructure.Tests", "tests\Seedr.Api.Infrastructure.Tests\Seedr.Api.Infrastructure.Tests.csproj", "{86A5D04D-53AA-4359-95B3-BC4C4A5BC09B}"
EndProject
Project("{FAE04EC0-301F-11D3-BF4B-00C04F79EFBC}") = "Seedr.Api.Infrastructure.IntegrationTests", "tests\Seedr.Api.Infrastructure.IntegrationTests\Seedr.Api.Infrastructure.IntegrationTests.csproj", "{E4338F85-A008-4022-A1E6-F8AD3E3ABFF1}"
EndProject
Project("{FAE04EC0-301F-11D3-BF4B-00C04F79EFBC}") = "Seedr.Api.Service.Api.Tests", "tests\Seedr.Api.Service.Api.Tests\Seedr.Api.Service.Api.Tests.csproj", "{516971F4-49D7-4554-B1C6-6DB42098D6C5}"
EndProject
Project("{FAE04EC0-301F-11D3-BF4B-00C04F79EFBC}") = "Seedr.Api.Service.Api.IntegrationTests", "tests\Seedr.Api.Service.Api.IntegrationTests\Seedr.Api.Service.Api.IntegrationTests.csproj", "{A1EBD1D1-324C-439D-8FF0-1D05F254E98D}"
EndProject
Global
	GlobalSection(SolutionConfigurationPlatforms) = preSolution
		Debug|Any CPU = Debug|Any CPU
		Debug|x64 = Debug|x64
		Debug|x86 = Debug|x86
		Release|Any CPU = Release|Any CPU
		Release|x64 = Release|x64
		Release|x86 = Release|x86
	EndGlobalSection
	GlobalSection(ProjectConfigurationPlatforms) = postSolution
		{58892028-5655-48F9-BC71-A207ADA484DA}.Debug|Any CPU.ActiveCfg = Debug|Any CPU
		{58892028-5655-48F9-BC71-A207ADA484DA}.Debug|Any CPU.Build.0 = Debug|Any CPU
		{58892028-5655-48F9-BC71-A207ADA484DA}.Debug|x64.ActiveCfg = Debug|Any CPU
		{58892028-5655-48F9-BC71-A207ADA484DA}.Debug|x64.Build.0 = Debug|Any CPU
		{58892028-5655-48F9-BC71-A207ADA484DA}.Debug|x86.ActiveCfg = Debug|Any CPU
		{58892028-5655-48F9-BC71-A207ADA484DA}.Debug|x86.Build.0 = Debug|Any CPU
		{58892028-5655-48F9-BC71-A207ADA484DA}.Release|Any CPU.ActiveCfg = Release|Any CPU
		{58892028-5655-48F9-BC71-A207ADA484DA}.Release|Any CPU.Build.0 = Release|Any CPU
		{58892028-5655-48F9-BC71-A207ADA484DA}.Release|x64.ActiveCfg = Release|Any CPU
		{58892028-5655-48F9-BC71-A207ADA484DA}.Release|x64.Build.0 = Release|Any CPU
		{58892028-5655-48F9-BC71-A207ADA484DA}.Release|x86.ActiveCfg = Release|Any CPU
		{58892028-5655-48F9-BC71-A207ADA484DA}.Release|x86.Build.0 = Release|Any CPU
		{0C53BB99-52D6-4452-A929-178B588C8F2E}.Debug|Any CPU.ActiveCfg = Debug|Any CPU
		{0C53BB99-52D6-4452-A929-178B588C8F2E}.Debug|Any CPU.Build.0 = Debug|Any CPU
		{0C53BB99-52D6-4452-A929-178B588C8F2E}.Debug|x64.ActiveCfg = Debug|Any CPU
		{0C53BB99-52D6-4452-A929-178B588C8F2E}.Debug|x64.Build.0 = Debug|Any CPU
		{0C53BB99-52D6-4452-A929-178B588C8F2E}.Debug|x86.ActiveCfg = Debug|Any CPU
		{0C53BB99-52D6-4452-A929-178B588C8F2E}.Debug|x86.Build.0 = Debug|Any CPU
		{0C53BB99-52D6-4452-A929-178B588C8F2E}.Release|Any CPU.ActiveCfg = Release|Any CPU
		{0C53BB99-52D6-4452-A929-178B588C8F2E}.Release|Any CPU.Build.0 = Release|Any CPU
		{0C53BB99-52D6-4452-A929-178B588C8F2E}.Release|x64.ActiveCfg = Release|Any CPU
		{0C53BB99-52D6-4452-A929-178B588C8F2E}.Release|x64.Build.0 = Release|Any CPU
		{0C53BB99-52D6-4452-A929-178B588C8F2E}.Release|x86.ActiveCfg = Release|Any CPU
		{0C53BB99-52D6-4452-A929-178B588C8F2E}.Release|x86.Build.0 = Release|Any CPU
		{70F66F97-8E7F-4110-855F-5CFA3BD26951}.Debug|Any CPU.ActiveCfg = Debug|Any CPU
		{70F66F97-8E7F-4110-855F-5CFA3BD26951}.Debug|Any CPU.Build.0 = Debug|Any CPU
		{70F66F97-8E7F-4110-855F-5CFA3BD26951}.Debug|x64.ActiveCfg = Debug|Any CPU
		{70F66F97-8E7F-4110-855F-5CFA3BD26951}.Debug|x64.Build.0 = Debug|Any CPU
		{70F66F97-8E7F-4110-855F-5CFA3BD26951}.Debug|x86.ActiveCfg = Debug|Any CPU
		{70F66F97-8E7F-4110-855F-5CFA3BD26951}.Debug|x86.Build.0 = Debug|Any CPU
		{70F66F97-8E7F-4110-855F-5CFA3BD26951}.Release|Any CPU.ActiveCfg = Release|Any CPU
		{70F66F97-8E7F-4110-855F-5CFA3BD26951}.Release|Any CPU.Build.0 = Release|Any CPU
		{70F66F97-8E7F-4110-855F-5CFA3BD26951}.Release|x64.ActiveCfg = Release|Any CPU
		{70F66F97-8E7F-4110-855F-5CFA3BD26951}.Release|x64.Build.0 = Release|Any CPU
		{70F66F97-8E7F-4110-855F-5CFA3BD26951}.Release|x86.ActiveCfg = Release|Any CPU
		{70F66F97-8E7F-4110-855F-5CFA3BD26951}.Release|x86.Build.0 = Release|Any CPU
		{9E096FA6-608F-402F-8AF4-5A4E4553743E}.Debug|Any CPU.ActiveCfg = Debug|Any CPU
		{9E096FA6-608F-402F-8AF4-5A4E4553743E}.Debug|Any CPU.Build.0 = Debug|Any CPU
		{9E096FA6-608F-402F-8AF4-5A4E4553743E}.Debug|x64.ActiveCfg = Debug|Any CPU
		{9E096FA6-608F-402F-8AF4-5A4E4553743E}.Debug|x64.Build.0 = Debug|Any CPU
		{9E096FA6-608F-402F-8AF4-5A4E4553743E}.Debug|x86.ActiveCfg = Debug|Any CPU
		{9E096FA6-608F-402F-8AF4-5A4E4553743E}.Debug|x86.Build.0 = Debug|Any CPU
		{9E096FA6-608F-402F-8AF4-5A4E4553743E}.Release|Any CPU.ActiveCfg = Release|Any CPU
		{9E096FA6-608F-402F-8AF4-5A4E4553743E}.Release|Any CPU.Build.0 = Release|Any CPU
		{9E096FA6-608F-402F-8AF4-5A4E4553743E}.Release|x64.ActiveCfg = Release|Any CPU
		{9E096FA6-608F-402F-8AF4-5A4E4553743E}.Release|x64.Build.0 = Release|Any CPU
		{9E096FA6-608F-402F-8AF4-5A4E4553743E}.Release|x86.ActiveCfg = Release|Any CPU
		{9E096FA6-608F-402F-8AF4-5A4E4553743E}.Release|x86.Build.0 = Release|Any CPU
		{C51644B7-007F-4F9F-8E56-5D9B6221AC96}.Debug|Any CPU.ActiveCfg = Debug|Any CPU
		{C51644B7-007F-4F9F-8E56-5D9B6221AC96}.Debug|Any CPU.Build.0 = Debug|Any CPU
		{C51644B7-007F-4F9F-8E56-5D9B6221AC96}.Debug|x64.ActiveCfg = Debug|Any CPU
		{C51644B7-007F-4F9F-8E56-5D9B6221AC96}.Debug|x64.Build.0 = Debug|Any CPU
		{C51644B7-007F-4F9F-8E56-5D9B6221AC96}.Debug|x86.ActiveCfg = Debug|Any CPU
		{C51644B7-007F-4F9F-8E56-5D9B6221AC96}.Debug|x86.Build.0 = Debug|Any CPU
		{C51644B7-007F-4F9F-8E56-5D9B6221AC96}.Release|Any CPU.ActiveCfg = Release|Any CPU
		{C51644B7-007F-4F9F-8E56-5D9B6221AC96}.Release|Any CPU.Build.0 = Release|Any CPU
		{C51644B7-007F-4F9F-8E56-5D9B6221AC96}.Release|x64.ActiveCfg = Release|Any CPU
		{C51644B7-007F-4F9F-8E56-5D9B6221AC96}.Release|x64.Build.0 = Release|Any CPU
		{C51644B7-007F-4F9F-8E56-5D9B6221AC96}.Release|x86.ActiveCfg = Release|Any CPU
		{C51644B7-007F-4F9F-8E56-5D9B6221AC96}.Release|x86.Build.0 = Release|Any CPU
		{A3226D9D-CA0D-45F9-8C13-7EE29F1502F6}.Debug|Any CPU.ActiveCfg = Debug|Any CPU
		{A3226D9D-CA0D-45F9-8C13-7EE29F1502F6}.Debug|Any CPU.Build.0 = Debug|Any CPU
		{A3226D9D-CA0D-45F9-8C13-7EE29F1502F6}.Debug|x64.ActiveCfg = Debug|Any CPU
		{A3226D9D-CA0D-45F9-8C13-7EE29F1502F6}.Debug|x64.Build.0 = Debug|Any CPU
		{A3226D9D-CA0D-45F9-8C13-7EE29F1502F6}.Debug|x86.ActiveCfg = Debug|Any CPU
		{A3226D9D-CA0D-45F9-8C13-7EE29F1502F6}.Debug|x86.Build.0 = Debug|Any CPU
		{A3226D9D-CA0D-45F9-8C13-7EE29F1502F6}.Release|Any CPU.ActiveCfg = Release|Any CPU
		{A3226D9D-CA0D-45F9-8C13-7EE29F1502F6}.Release|Any CPU.Build.0 = Release|Any CPU
		{A3226D9D-CA0D-45F9-8C13-7EE29F1502F6}.Release|x64.ActiveCfg = Release|Any CPU
		{A3226D9D-CA0D-45F9-8C13-7EE29F1502F6}.Release|x64.Build.0 = Release|Any CPU
		{A3226D9D-CA0D-45F9-8C13-7EE29F1502F6}.Release|x86.ActiveCfg = Release|Any CPU
		{A3226D9D-CA0D-45F9-8C13-7EE29F1502F6}.Release|x86.Build.0 = Release|Any CPU
		{86A5D04D-53AA-4359-95B3-BC4C4A5BC09B}.Debug|Any CPU.ActiveCfg = Debug|Any CPU
		{86A5D04D-53AA-4359-95B3-BC4C4A5BC09B}.Debug|Any CPU.Build.0 = Debug|Any CPU
		{86A5D04D-53AA-4359-95B3-BC4C4A5BC09B}.Debug|x64.ActiveCfg = Debug|Any CPU
		{86A5D04D-53AA-4359-95B3-BC4C4A5BC09B}.Debug|x64.Build.0 = Debug|Any CPU
		{86A5D04D-53AA-4359-95B3-BC4C4A5BC09B}.Debug|x86.ActiveCfg = Debug|Any CPU
		{86A5D04D-53AA-4359-95B3-BC4C4A5BC09B}.Debug|x86.Build.0 = Debug|Any CPU
		{86A5D04D-53AA-4359-95B3-BC4C4A5BC09B}.Release|Any CPU.ActiveCfg = Release|Any CPU
		{86A5D04D-53AA-4359-95B3-BC4C4A5BC09B}.Release|Any CPU.Build.0 = Release|Any CPU
		{86A5D04D-53AA-4359-95B3-BC4C4A5BC09B}.Release|x64.ActiveCfg = Release|Any CPU
		{86A5D04D-53AA-4359-95B3-BC4C4A5BC09B}.Release|x64.Build.0 = Release|Any CPU
		{86A5D04D-53AA-4359-95B3-BC4C4A5BC09B}.Release|x86.ActiveCfg = Release|Any CPU
		{86A5D04D-53AA-4359-95B3-BC4C4A5BC09B}.Release|x86.Build.0 = Release|Any CPU
		{E4338F85-A008-4022-A1E6-F8AD3E3ABFF1}.Debug|Any CPU.ActiveCfg = Debug|Any CPU
		{E4338F85-A008-4022-A1E6-F8AD3E3ABFF1}.Debug|Any CPU.Build.0 = Debug|Any CPU
		{E4338F85-A008-4022-A1E6-F8AD3E3ABFF1}.Debug|x64.ActiveCfg = Debug|Any CPU
		{E4338F85-A008-4022-A1E6-F8AD3E3ABFF1}.Debug|x64.Build.0 = Debug|Any CPU
		{E4338F85-A008-4022-A1E6-F8AD3E3ABFF1}.Debug|x86.ActiveCfg = Debug|Any CPU
		{E4338F85-A008-4022-A1E6-F8AD3E3ABFF1}.Debug|x86.Build.0 = Debug|Any CPU
		{E4338F85-A008-4022-A1E6-F8AD3E3ABFF1}.Release|Any CPU.ActiveCfg = Release|Any CPU
		{E4338F85-A008-4022-A1E6-F8AD3E3ABFF1}.Release|Any CPU.Build.0 = Release|Any CPU
		{E4338F85-A008-4022-A1E6-F8AD3E3ABFF1}.Release|x64.ActiveCfg = Release|Any CPU
		{E4338F85-A008-4022-A1E6-F8AD3E3ABFF1}.Release|x64.Build.0 = Release|Any CPU
		{E4338F85-A008-4022-A1E6-F8AD3E3ABFF1}.Release|x86.ActiveCfg = Release|Any CPU
		{E4338F85-A008-4022-A1E6-F8AD3E3ABFF1}.Release|x86.Build.0 = Release|Any CPU
		{516971F4-49D7-4554-B1C6-6DB42098D6C5}.Debug|Any CPU.ActiveCfg = Debug|Any CPU
		{516971F4-49D7-4554-B1C6-6DB42098D6C5}.Debug|Any CPU.Build.0 = Debug|Any CPU
		{516971F4-49D7-4554-B1C6-6DB42098D6C5}.Debug|x64.ActiveCfg = Debug|Any CPU
		{516971F4-49D7-4554-B1C6-6DB42098D6C5}.Debug|x64.Build.0 = Debug|Any CPU
		{516971F4-49D7-4554-B1C6-6DB42098D6C5}.Debug|x86.ActiveCfg = Debug|Any CPU
		{516971F4-49D7-4554-B1C6-6DB42098D6C5}.Debug|x86.Build.0 = Debug|Any CPU
		{516971F4-49D7-4554-B1C6-6DB42098D6C5}.Release|Any CPU.ActiveCfg = Release|Any CPU
		{516971F4-49D7-4554-B1C6-6DB42098D6C5}.Release|Any CPU.Build.0 = Release|Any CPU
		{516971F4-49D7-4554-B1C6-6DB42098D6C5}.Release|x64.ActiveCfg = Release|Any CPU
		{516971F4-49D7-4554-B1C6-6DB42098D6C5}.Release|x64.Build.0 = Release|Any CPU
		{516971F4-49D7-4554-B1C6-6DB42098D6C5}.Release|x86.ActiveCfg = Release|Any CPU
		{516971F4-49D7-4554-B1C6-6DB42098D6C5}.Release|x86.Build.0 = Release|Any CPU
		{A1EBD1D1-324C-439D-8FF0-1D05F254E98D}.Debug|Any CPU.ActiveCfg = Debug|Any CPU
		{A1EBD1D1-324C-439D-8FF0-1D05F254E98D}.Debug|Any CPU.Build.0 = Debug|Any CPU
		{A1EBD1D1-324C-439D-8FF0-1D05F254E98D}.Debug|x64.ActiveCfg = Debug|Any CPU
		{A1EBD1D1-324C-439D-8FF0-1D05F254E98D}.Debug|x64.Build.0 = Debug|Any CPU
		{A1EBD1D1-324C-439D-8FF0-1D05F254E98D}.Debug|x86.ActiveCfg = Debug|Any CPU
		{A1EBD1D1-324C-439D-8FF0-1D05F254E98D}.Debug|x86.Build.0 = Debug|Any CPU
		{A1EBD1D1-324C-439D-8FF0-1D05F254E98D}.Release|Any CPU.ActiveCfg = Release|Any CPU
		{A1EBD1D1-324C-439D-8FF0-1D05F254E98D}.Release|Any CPU.Build.0 = Release|Any CPU
		{A1EBD1D1-324C-439D-8FF0-1D05F254E98D}.Release|x64.ActiveCfg = Release|Any CPU
		{A1EBD1D1-324C-439D-8FF0-1D05F254E98D}.Release|x64.Build.0 = Release|Any CPU
		{A1EBD1D1-324C-439D-8FF0-1D05F254E98D}.Release|x86.ActiveCfg = Release|Any CPU
		{A1EBD1D1-324C-439D-8FF0-1D05F254E98D}.Release|x86.Build.0 = Release|Any CPU
	EndGlobalSection
	GlobalSection(SolutionProperties) = preSolution
		HideSolutionNode = FALSE
	EndGlobalSection
	GlobalSection(NestedProjects) = preSolution
		{58892028-5655-48F9-BC71-A207ADA484DA} = {827E0CD3-B72D-47B6-A68D-7590B98EB39B}
		{0C53BB99-52D6-4452-A929-178B588C8F2E} = {827E0CD3-B72D-47B6-A68D-7590B98EB39B}
		{70F66F97-8E7F-4110-855F-5CFA3BD26951} = {827E0CD3-B72D-47B6-A68D-7590B98EB39B}
		{9E096FA6-608F-402F-8AF4-5A4E4553743E} = {827E0CD3-B72D-47B6-A68D-7590B98EB39B}
		{C51644B7-007F-4F9F-8E56-5D9B6221AC96} = {0AB3BF05-4346-4AA6-1389-037BE0695223}
		{A3226D9D-CA0D-45F9-8C13-7EE29F1502F6} = {0AB3BF05-4346-4AA6-1389-037BE0695223}
		{86A5D04D-53AA-4359-95B3-BC4C4A5BC09B} = {0AB3BF05-4346-4AA6-1389-037BE0695223}
		{E4338F85-A008-4022-A1E6-F8AD3E3ABFF1} = {0AB3BF05-4346-4AA6-1389-037BE0695223}
		{516971F4-49D7-4554-B1C6-6DB42098D6C5} = {0AB3BF05-4346-4AA6-1389-037BE0695223}
		{A1EBD1D1-324C-439D-8FF0-1D05F254E98D} = {0AB3BF05-4346-4AA6-1389-037BE0695223}
	EndGlobalSection
EndGlobal
